<?xml version="1.0" encoding="utf-8"?>
<Project ToolsVersion="4.0" xmlns="http://schemas.microsoft.com/developer/msbuild/2003">
  <ItemGroup>
    <ClCompile Include="Veles_Client.cpp" />
    <ClCompile Include="stdafx.cpp" />
    <ClCompile Include="Camera.cpp">
      <Filter>Camera</Filter>
    </ClCompile>
    <ClCompile Include="D3D12Math.cpp">
      <Filter>Math</Filter>
    </ClCompile>
    <ClCompile Include="Mathf.cpp">
      <Filter>Math</Filter>
    </ClCompile>
    <ClCompile Include="Matrix4x4.cpp">
      <Filter>Math</Filter>
    </ClCompile>
    <ClCompile Include="DDSTextureLoader12.cpp">
      <Filter>TextureLoader</Filter>
    </ClCompile>
    <ClCompile Include="Mesh.cpp">
      <Filter>Mesh</Filter>
    </ClCompile>
    <ClCompile Include="Monster.cpp">
      <Filter>Object</Filter>
    </ClCompile>
    <ClCompile Include="Object.cpp">
      <Filter>Object</Filter>
    </ClCompile>
    <ClCompile Include="Player.cpp">
      <Filter>Object</Filter>
    </ClCompile>
    <ClCompile Include="Quaternion.cpp">
      <Filter>Math</Filter>
    </ClCompile>
    <ClCompile Include="Vector2.cpp">
      <Filter>Math</Filter>
    </ClCompile>
    <ClCompile Include="Vector4.cpp">
      <Filter>Math</Filter>
    </ClCompile>
    <ClCompile Include="ServerMgr.cpp">
      <Filter>Mgr</Filter>
    </ClCompile>
    <ClCompile Include="Shader.cpp">
      <Filter>Shader</Filter>
    </ClCompile>
    <ClCompile Include="Light.cpp">
      <Filter>Object\Light</Filter>
    </ClCompile>
    <ClCompile Include="Vector3.cpp">
      <Filter>Math</Filter>
    </ClCompile>
    <ClCompile Include="ShadowMap.cpp">
      <Filter>Shadow</Filter>
    </ClCompile>
    <ClCompile Include="SceneMgr.cpp">
      <Filter>Scene</Filter>
    </ClCompile>
    <ClCompile Include="GameFramework.cpp">
      <Filter>FrameWork</Filter>
    </ClCompile>
    <ClCompile Include="Timer.cpp">
      <Filter>Timer</Filter>
    </ClCompile>
    <ClCompile Include="Texture.cpp">
      <Filter>Object\Texture</Filter>
    </ClCompile>
    <ClCompile Include="Ssao.cpp">
      <Filter>Ssao</Filter>
    </ClCompile>
    <ClCompile Include="EffectUI.cpp">
      <Filter>Object</Filter>
    </ClCompile>
    <ClCompile Include="Sound.cpp" />
    <ClCompile Include="Item.cpp">
      <Filter>Object</Filter>
    </ClCompile>
    <ClCompile Include="LavaWave.cpp">
      <Filter>Object</Filter>
    </ClCompile>
    <ClCompile Include="SceneGame.cpp">
      <Filter>Scene</Filter>
    </ClCompile>
    <ClCompile Include="Scene.cpp">
      <Filter>Scene</Filter>
    </ClCompile>
    <ClCompile Include="SceneLoby.cpp">
      <Filter>Scene</Filter>
    </ClCompile>
    <ClCompile Include="Font.cpp">
      <Filter>Object</Filter>
    </ClCompile>
    <ClCompile Include="SceneEnding.cpp">
      <Filter>Scene</Filter>
    </ClCompile>
  </ItemGroup>
  <ItemGroup>
    <ClInclude Include="Veles_Client.h" />
    <ClInclude Include="stdafx.h" />
    <ClInclude Include="Camera.h">
      <Filter>Camera</Filter>
    </ClInclude>
    <ClInclude Include="D3D12Math.h">
      <Filter>Math</Filter>
    </ClInclude>
    <ClInclude Include="Mathf.h">
      <Filter>Math</Filter>
    </ClInclude>
    <ClInclude Include="Matrix4x4.h">
      <Filter>Math</Filter>
    </ClInclude>
    <ClInclude Include="DDSTextureLoader12.h">
      <Filter>TextureLoader</Filter>
    </ClInclude>
    <ClInclude Include="_pack.h">
      <Filter>Math</Filter>
    </ClInclude>
    <ClInclude Include="Mesh.h">
      <Filter>Mesh</Filter>
    </ClInclude>
    <ClInclude Include="Monster.h">
      <Filter>Object</Filter>
    </ClInclude>
    <ClInclude Include="Object.h">
      <Filter>Object</Filter>
    </ClInclude>
    <ClInclude Include="Player.h">
      <Filter>Object</Filter>
    </ClInclude>
    <ClInclude Include="Quaternion.h">
      <Filter>Math</Filter>
    </ClInclude>
    <ClInclude Include="ServerMgr.h">
      <Filter>Mgr</Filter>
    </ClInclude>
    <ClInclude Include="Shader.h">
      <Filter>Shader</Filter>
    </ClInclude>
    <ClInclude Include="Light.h">
      <Filter>Object\Light</Filter>
    </ClInclude>
    <ClInclude Include="Resource.h">
      <Filter>Other</Filter>
    </ClInclude>
    <ClInclude Include="Vector2.h">
      <Filter>Math</Filter>
    </ClInclude>
    <ClInclude Include="Vector3.h">
      <Filter>Math</Filter>
    </ClInclude>
    <ClInclude Include="Vector4.h">
      <Filter>Math</Filter>
    </ClInclude>
    <ClInclude Include="targetver.h">
      <Filter>Other</Filter>
    </ClInclude>
    <ClInclude Include="ShadowMap.h">
      <Filter>Shadow</Filter>
    </ClInclude>
    <ClInclude Include="SceneMgr.h">
      <Filter>Scene</Filter>
    </ClInclude>
    <ClInclude Include="GameFramework.h">
      <Filter>FrameWork</Filter>
    </ClInclude>
    <ClInclude Include="Timer.h">
      <Filter>Timer</Filter>
    </ClInclude>
    <ClInclude Include="Texture.h">
      <Filter>Object\Texture</Filter>
    </ClInclude>
    <ClInclude Include="Ssao.h">
      <Filter>Ssao</Filter>
    </ClInclude>
    <ClInclude Include="EffectUI.h">
      <Filter>Object</Filter>
    </ClInclude>
    <ClInclude Include="Sound.h" />
    <ClInclude Include="Item.h">
      <Filter>Object</Filter>
    </ClInclude>
    <ClInclude Include="LavaWave.h">
      <Filter>Object</Filter>
    </ClInclude>
    <ClInclude Include="SceneGame.h">
      <Filter>Scene</Filter>
    </ClInclude>
    <ClInclude Include="Scene.h">
      <Filter>Scene</Filter>
    </ClInclude>
    <ClInclude Include="SceneLoby.h">
      <Filter>Scene</Filter>
    </ClInclude>
    <ClInclude Include="Font.h">
      <Filter>Object</Filter>
    </ClInclude>
    <ClInclude Include="..\Server\NEW_IOCP\Protocol.h" />
    <ClInclude Include="SceneEnding.h">
      <Filter>Scene</Filter>
    </ClInclude>
  </ItemGroup>
  <ItemGroup>
    <Image Include="small.ico">
      <Filter>Other</Filter>
    </Image>
    <Image Include="Veles.ico">
      <Filter>Other</Filter>
    </Image>
  </ItemGroup>
  <ItemGroup>
    <Filter Include="Math">
      <UniqueIdentifier>{f72f2e6b-1dd6-433c-bbaf-8211debe8707}</UniqueIdentifier>
    </Filter>
    <Filter Include="Object">
      <UniqueIdentifier>{51004054-0e2d-4838-bb9f-d275431a519b}</UniqueIdentifier>
    </Filter>
    <Filter Include="HLSL">
      <UniqueIdentifier>{c430a637-afbd-4180-8c41-4db703c18c2f}</UniqueIdentifier>
    </Filter>
    <Filter Include="Camera">
      <UniqueIdentifier>{358a91db-d0dc-4881-9f9a-ce1ce72b9332}</UniqueIdentifier>
    </Filter>
    <Filter Include="TextureLoader">
      <UniqueIdentifier>{607d8855-7d7b-4dfa-865a-09c1c84d3d99}</UniqueIdentifier>
    </Filter>
    <Filter Include="Mesh">
      <UniqueIdentifier>{0b5814ef-1d48-478c-8ef9-6ce0093ad676}</UniqueIdentifier>
    </Filter>
    <Filter Include="Other">
      <UniqueIdentifier>{0b8c578b-96ff-40b2-a78f-c2e39209cea5}</UniqueIdentifier>
    </Filter>
    <Filter Include="Mgr">
      <UniqueIdentifier>{9ad710df-5097-4179-9bd7-fa13ac035187}</UniqueIdentifier>
    </Filter>
    <Filter Include="Shader">
      <UniqueIdentifier>{51e53538-35bd-423a-b9ed-602993db80b9}</UniqueIdentifier>
    </Filter>
    <Filter Include="Object\Light">
      <UniqueIdentifier>{72d58589-9c96-4464-beb0-b0721e4e161b}</UniqueIdentifier>
    </Filter>
    <Filter Include="Scene">
      <UniqueIdentifier>{1e31b9e0-098f-46cc-afe4-8fed4369f414}</UniqueIdentifier>
    </Filter>
    <Filter Include="Shadow">
      <UniqueIdentifier>{f79f0a6a-05f8-40e1-928e-f20e7fd88801}</UniqueIdentifier>
    </Filter>
    <Filter Include="FrameWork">
      <UniqueIdentifier>{70873747-eaa1-4ae3-a7b9-8fd02ca7b40a}</UniqueIdentifier>
    </Filter>
    <Filter Include="Timer">
      <UniqueIdentifier>{0e8406c7-68e8-4240-9cd2-4f26fe846787}</UniqueIdentifier>
    </Filter>
    <Filter Include="Object\Texture">
      <UniqueIdentifier>{0d2b29f7-9a06-4222-ad3c-ef3a93c40334}</UniqueIdentifier>
    </Filter>
    <Filter Include="Ssao">
      <UniqueIdentifier>{3afec6c9-6a65-4bcb-8a7e-a2417e4fe7f9}</UniqueIdentifier>
    </Filter>
  </ItemGroup>
  <ItemGroup>
    <FxCompile Include="Shaders.hlsl">
      <Filter>HLSL</Filter>
    </FxCompile>
    <FxCompile Include="Light.hlsl">
      <Filter>HLSL</Filter>
    </FxCompile>
    <FxCompile Include="Shadow.hlsl">
      <Filter>HLSL</Filter>
    </FxCompile>
    <FxCompile Include="DrawNormal.hlsl">
      <Filter>HLSL</Filter>
    </FxCompile>
    <FxCompile Include="Ssao.hlsl">
      <Filter>HLSL</Filter>
    </FxCompile>
    <FxCompile Include="SsaoBlur.hlsl">
      <Filter>HLSL</Filter>
    </FxCompile>
    <FxCompile Include="Wave.hlsl">
      <Filter>HLSL</Filter>
    </FxCompile>
  </ItemGroup>
  <ItemGroup>
    <Text Include="ReadMe.txt">
      <Filter>Other</Filter>
    </Text>
  </ItemGroup>
  <ItemGroup>
    <ResourceCompile Include="Veles.rc">
      <Filter>Other</Filter>
    </ResourceCompile>
  </ItemGroup>
</Project>