
Microsoft Visual Studio Solution File, Format Version 12.00
# Visual Studio Version 16
VisualStudioVersion = 16.0.30717.126
MinimumVisualStudioVersion = 10.0.40219.1
Project("{8BC9CEB8-8B4A-11D0-8D11-00A0C91BC942}") = "TCPServer", "TCPServer.vcxproj", "{4113EEE4-4D25-49BB-81C6-0E015B0462DD}"
EndProject
Global
	GlobalSection(SolutionConfigurationPlatforms) = preSolution
		Debug|Win32 = Debug|Win32
		Debug|x64 = Debug|x64
		Release|Win32 = Release|Win32
		Release|x64 = Release|x64
	EndGlobalSection
	GlobalSection(ProjectConfigurationPlatforms) = postSolution
		{4113EEE4-4D25-49BB-81C6-0E015B0462DD}.Debug|Win32.ActiveCfg = Debug|Win32
		{4113EEE4-4D25-49BB-81C6-0E015B0462DD}.Debug|Win32.Build.0 = Debug|Win32
		{4113EEE4-4D25-49BB-81C6-0E015B0462DD}.Debug|x64.ActiveCfg = Debug|x64
		{4113EEE4-4D25-49BB-81C6-0E015B0462DD}.Debug|x64.Build.0 = Debug|x64
		{4113EEE4-4D25-49BB-81C6-0E015B0462DD}.Release|Win32.ActiveCfg = Release|Win32
		{4113EEE4-4D25-49BB-81C6-0E015B0462DD}.Release|Win32.Build.0 = Release|Win32
		{4113EEE4-4D25-49BB-81C6-0E015B0462DD}.Release|x64.ActiveCfg = Release|x64
		{4113EEE4-4D25-49BB-81C6-0E015B0462DD}.Release|x64.Build.0 = Release|x64
	EndGlobalSection
	GlobalSection(SolutionProperties) = preSolution
		HideSolutionNode = FALSE
	EndGlobalSection
	GlobalSection(ExtensibilityGlobals) = postSolution
		SolutionGuid = {1184595B-E483-4522-B792-E3E3A5C4B848}
	EndGlobalSection
EndGlobal
